
Microsoft Visual Studio Solution File, Format Version 12.00
# Visual Studio Version 16
VisualStudioVersion = 16.0.31613.86
MinimumVisualStudioVersion = 10.0.40219.1
Project("{FAE04EC0-301F-11D3-BF4B-00C04F79EFBC}") = "ChallangeDio", "ConsoleApp22\ChallangeDio.csproj", "{8B61F0BF-629B-4ED1-B675-E0BBE05174C0}"
EndProject
Global
	GlobalSection(SolutionConfigurationPlatforms) = preSolution
		Debug|Any CPU = Debug|Any CPU
		Release|Any CPU = Release|Any CPU
	EndGlobalSection
	GlobalSection(ProjectConfigurationPlatforms) = postSolution
		{8B61F0BF-629B-4ED1-B675-E0BBE05174C0}.Debug|Any CPU.ActiveCfg = Debug|Any CPU
		{8B61F0BF-629B-4ED1-B675-E0BBE05174C0}.Debug|Any CPU.Build.0 = Debug|Any CPU
		{8B61F0BF-629B-4ED1-B675-E0BBE05174C0}.Release|Any CPU.ActiveCfg = Release|Any CPU
		{8B61F0BF-629B-4ED1-B675-E0BBE05174C0}.Release|Any CPU.Build.0 = Release|Any CPU
	EndGlobalSection
	GlobalSection(SolutionProperties) = preSolution
		HideSolutionNode = FALSE
	EndGlobalSection
	GlobalSection(ExtensibilityGlobals) = postSolution
		SolutionGuid = {2A619F3F-07D4-4E2D-A0DE-6DBA50F8123E}
	EndGlobalSection
EndGlobal
